{
  "name": "@propero/propulsion-core",
  "version": "0.0.0",
  "lockfileVersion": 1,
  "requires": true,
  "dependencies": {
    "path-parse": {
      "version": "1.0.6",
      "resolved": "https://registry.npmjs.org/path-parse/-/path-parse-1.0.6.tgz",
      "integrity": "sha512-GSmOT2EbHrINBf9SR7CDELwlJ8AENk3Qn7OikK4nFYAu3Ote2+JYNVvkpAEQm3/TLNEJFD/xZJjzyxg3KBWOzw==",
      "dev": true
    },
    "reflect-metadata": {
      "version": "0.1.13",
      "resolved": "https://registry.npmjs.org/reflect-metadata/-/reflect-metadata-0.1.13.tgz",
      "integrity": "sha512-Ts1Y/anZELhSsjMcU605fU9RE4Oi3p5ORujwbIKXfWa+0Zxs510Qrmrce5/Jowq3cHSZSJqBjypxmHarc+vEWg=="
    },
    "resolve": {
      "version": "1.12.0",
      "resolved": "https://registry.npmjs.org/resolve/-/resolve-1.12.0.tgz",
      "integrity": "sha512-B/dOmuoAik5bKcD6s6nXDCjzUKnaDvdkRyAk6rsmsKLipWj4797iothd7jmmUhWTfinVMU+wc56rYKsit2Qy4w==",
      "dev": true,
      "requires": {
        "path-parse": "^1.0.6"
      }
    },
    "slash": {
      "version": "3.0.0",
      "resolved": "https://registry.npmjs.org/slash/-/slash-3.0.0.tgz",
      "integrity": "sha512-g9Q1haeby36OSStwb4ntCGGGaKsaVSjQ68fBxoQcutl5fS1vuY18H3wSt3jFyFtrkx+Kz0V1G85A4MyAdDMi2Q==",
      "dev": true
    },
    "ttypescript": {
      "version": "1.5.7",
      "resolved": "https://registry.npmjs.org/ttypescript/-/ttypescript-1.5.7.tgz",
      "integrity": "sha512-qloW8S60+xWVC2bQWldYQfESNFkIgDL5/M+vAOOsuLJ1pQu0SG2vQx5DNJO2nlwSrHxD8cDuF2sVDXg6v3GG3Q==",
      "dev": true,
      "requires": {
        "resolve": "^1.9.0"
      }
    },
    "typescript": {
      "version": "3.6.3",
      "resolved": "https://registry.npmjs.org/typescript/-/typescript-3.6.3.tgz",
      "integrity": "sha512-N7bceJL1CtRQ2RiG0AQME13ksR7DiuQh/QehubYcghzv20tnh+MQnQIuJddTmsbqYj+dztchykemz0zFzlvdQw==",
      "dev": true
    },
    "typescript-transform-paths": {
      "version": "1.1.10",
      "resolved": "https://registry.npmjs.org/typescript-transform-paths/-/typescript-transform-paths-1.1.10.tgz",
      "integrity": "sha512-4lAj2rU4fcgfm04b83ZePEDYD/G3MupmE4KvwRkto5E8Xhrcng6pZbLeQYLHn94X9KYQSiOOIQIPRh47v2rHBg==",
      "dev": true,
      "requires": {
        "slash": "^3.0.0"
      }
    }
  }
}
